{
    "_meta": {
        "hash": {
            "sha256": "cae873dd98b3f5edeac92da9db6f27340cd4db2e67a70ae303a7e2e2916ae3be"
        },
        "pipfile-spec": 6,
        "requires": {
            "python_version": "3.7"
        },
        "sources": [
            {
                "name": "pypi tuna",
                "url": "https://pypi.tuna.tsinghua.edu.cn/simple",
                "verify_ssl": true
            }
        ]
    },
    "default": {
        "pygal": {
            "hashes": [
                "sha256:27abab93cbc31e21f3c6bdecc05bda6cd3570cbdbd8297b7caa6904051b50d72",
                "sha256:9204f05380b02a8a32f9bf99d310b51aa2a932cba5b369f7a4dc3705f0a4ce83"
            ],
            "version": "==2.4.0"
        },
        "pygal-maps-world": {
            "hashes": [
                "sha256:8987fcf7f067b56f40f2f83b4f87baf9456164bbff0995715377020fc533db0f"
            ],
            "index": "pypi tuna",
            "version": "==1.0.2"
        }
    },
    "develop": {}
}
